// !$*UTF8*$!
{
	archiveVersion = 1;
	classes = {
	};
	objectVersion = 50;
	objects = {

/* Begin PBXBuildFile section */
		3D1185362581663400162249 /* DunyaGezginiApp.swift in Sources */ = {isa = PBXBuildFile; fileRef = 3D1185352581663400162249 /* DunyaGezginiApp.swift */; };
		3D1185382581663400162249 /* ContentView.swift in Sources */ = {isa = PBXBuildFile; fileRef = 3D1185372581663400162249 /* ContentView.swift */; };
		3D11853A2581663600162249 /* Assets.xcassets in Resources */ = {isa = PBXBuildFile; fileRef = 3D1185392581663600162249 /* Assets.xcassets */; };
		3D11853D2581663600162249 /* Preview Assets.xcassets in Resources */ = {isa = PBXBuildFile; fileRef = 3D11853C2581663600162249 /* Preview Assets.xcassets */; };
		3D1185482581663600162249 /* DunyaGezginiTests.swift in Sources */ = {isa = PBXBuildFile; fileRef = 3D1185472581663600162249 /* DunyaGezginiTests.swift */; };
		3D1185532581663600162249 /* DunyaGezginiUITests.swift in Sources */ = {isa = PBXBuildFile; fileRef = 3D1185522581663600162249 /* DunyaGezginiUITests.swift */; };
		3DA2983A25864A2C002AC191 /* MapView.swift in Sources */ = {isa = PBXBuildFile; fileRef = 3DA2983925864A2B002AC191 /* MapView.swift */; };
		B690858A258A509900B39A03 /* Localizable.strings in Resources */ = {isa = PBXBuildFile; fileRef = B690858C258A509900B39A03 /* Localizable.strings */; };
/* End PBXBuildFile section */

/* Begin PBXContainerItemProxy section */
		3D1185442581663600162249 /* PBXContainerItemProxy */ = {
			isa = PBXContainerItemProxy;
			containerPortal = 3D11852A2581663400162249 /* Project object */;
			proxyType = 1;
			remoteGlobalIDString = 3D1185312581663400162249;
			remoteInfo = DunyaGezgini;
		};
		3D11854F2581663600162249 /* PBXContainerItemProxy */ = {
			isa = PBXContainerItemProxy;
			containerPortal = 3D11852A2581663400162249 /* Project object */;
			proxyType = 1;
			remoteGlobalIDString = 3D1185312581663400162249;
			remoteInfo = DunyaGezgini;
		};
/* End PBXContainerItemProxy section */

/* Begin PBXFileReference section */
		3D1185322581663400162249 /* DunyaGezgini.app */ = {isa = PBXFileReference; explicitFileType = wrapper.application; includeInIndex = 0; path = DunyaGezgini.app; sourceTree = BUILT_PRODUCTS_DIR; };
		3D1185352581663400162249 /* DunyaGezginiApp.swift */ = {isa = PBXFileReference; lastKnownFileType = sourcecode.swift; path = DunyaGezginiApp.swift; sourceTree = "<group>"; };
		3D1185372581663400162249 /* ContentView.swift */ = {isa = PBXFileReference; lastKnownFileType = sourcecode.swift; path = ContentView.swift; sourceTree = "<group>"; };
		3D1185392581663600162249 /* Assets.xcassets */ = {isa = PBXFileReference; lastKnownFileType = folder.assetcatalog; path = Assets.xcassets; sourceTree = "<group>"; };
		3D11853C2581663600162249 /* Preview Assets.xcassets */ = {isa = PBXFileReference; lastKnownFileType = folder.assetcatalog; path = "Preview Assets.xcassets"; sourceTree = "<group>"; };
		3D11853E2581663600162249 /* Info.plist */ = {isa = PBXFileReference; lastKnownFileType = text.plist.xml; path = Info.plist; sourceTree = "<group>"; };
		3D1185432581663600162249 /* DunyaGezginiTests.xctest */ = {isa = PBXFileReference; explicitFileType = wrapper.cfbundle; includeInIndex = 0; path = DunyaGezginiTests.xctest; sourceTree = BUILT_PRODUCTS_DIR; };
		3D1185472581663600162249 /* DunyaGezginiTests.swift */ = {isa = PBXFileReference; lastKnownFileType = sourcecode.swift; path = DunyaGezginiTests.swift; sourceTree = "<group>"; };
		3D1185492581663600162249 /* Info.plist */ = {isa = PBXFileReference; lastKnownFileType = text.plist.xml; path = Info.plist; sourceTree = "<group>"; };
		3D11854E2581663600162249 /* DunyaGezginiUITests.xctest */ = {isa = PBXFileReference; explicitFileType = wrapper.cfbundle; includeInIndex = 0; path = DunyaGezginiUITests.xctest; sourceTree = BUILT_PRODUCTS_DIR; };
		3D1185522581663600162249 /* DunyaGezginiUITests.swift */ = {isa = PBXFileReference; lastKnownFileType = sourcecode.swift; path = DunyaGezginiUITests.swift; sourceTree = "<group>"; };
		3D1185542581663600162249 /* Info.plist */ = {isa = PBXFileReference; lastKnownFileType = text.plist.xml; path = Info.plist; sourceTree = "<group>"; };
		3DA2983925864A2B002AC191 /* MapView.swift */ = {isa = PBXFileReference; lastKnownFileType = sourcecode.swift; path = MapView.swift; sourceTree = "<group>"; };
		B690858B258A509900B39A03 /* en */ = {isa = PBXFileReference; lastKnownFileType = text.plist.strings; name = en; path = en.lproj/Localizable.strings; sourceTree = "<group>"; };
		B6908590258A641A00B39A03 /* tr */ = {isa = PBXFileReference; lastKnownFileType = text.plist.strings; name = tr; path = tr.lproj/Localizable.strings; sourceTree = "<group>"; };
/* End PBXFileReference section */

/* Begin PBXFrameworksBuildPhase section */
		3D11852F2581663400162249 /* Frameworks */ = {
			isa = PBXFrameworksBuildPhase;
			buildActionMask = 2147483647;
			files = (
			);
			runOnlyForDeploymentPostprocessing = 0;
		};
		3D1185402581663600162249 /* Frameworks */ = {
			isa = PBXFrameworksBuildPhase;
			buildActionMask = 2147483647;
			files = (
			);
			runOnlyForDeploymentPostprocessing = 0;
		};
		3D11854B2581663600162249 /* Frameworks */ = {
			isa = PBXFrameworksBuildPhase;
			buildActionMask = 2147483647;
			files = (
			);
			runOnlyForDeploymentPostprocessing = 0;
		};
/* End PBXFrameworksBuildPhase section */

/* Begin PBXGroup section */
		3D1185292581663400162249 = {
			isa = PBXGroup;
			children = (
				B690858C258A509900B39A03 /* Localizable.strings */,
				3D1185342581663400162249 /* DunyaGezgini */,
				3D1185462581663600162249 /* DunyaGezginiTests */,
				3D1185512581663600162249 /* DunyaGezginiUITests */,
				3D1185332581663400162249 /* Products */,
			);
			sourceTree = "<group>";
		};
		3D1185332581663400162249 /* Products */ = {
			isa = PBXGroup;
			children = (
				3D1185322581663400162249 /* DunyaGezgini.app */,
				3D1185432581663600162249 /* DunyaGezginiTests.xctest */,
				3D11854E2581663600162249 /* DunyaGezginiUITests.xctest */,
			);
			name = Products;
			sourceTree = "<group>";
		};
		3D1185342581663400162249 /* DunyaGezgini */ = {
			isa = PBXGroup;
			children = (
				3D1185352581663400162249 /* DunyaGezginiApp.swift */,
				3D1185372581663400162249 /* ContentView.swift */,
				3DA2983925864A2B002AC191 /* MapView.swift */,
				3D1185392581663600162249 /* Assets.xcassets */,
				3D11853E2581663600162249 /* Info.plist */,
				3D11853B2581663600162249 /* Preview Content */,
			);
			path = DunyaGezgini;
			sourceTree = "<group>";
		};
		3D11853B2581663600162249 /* Preview Content */ = {
			isa = PBXGroup;
			children = (
				3D11853C2581663600162249 /* Preview Assets.xcassets */,
			);
			path = "Preview Content";
			sourceTree = "<group>";
		};
		3D1185462581663600162249 /* DunyaGezginiTests */ = {
			isa = PBXGroup;
			children = (
				3D1185472581663600162249 /* DunyaGezginiTests.swift */,
				3D1185492581663600162249 /* Info.plist */,
			);
			path = DunyaGezginiTests;
			sourceTree = "<group>";
		};
		3D1185512581663600162249 /* DunyaGezginiUITests */ = {
			isa = PBXGroup;
			children = (
				3D1185522581663600162249 /* DunyaGezginiUITests.swift */,
				3D1185542581663600162249 /* Info.plist */,
			);
			path = DunyaGezginiUITests;
			sourceTree = "<group>";
		};
/* End PBXGroup section */

/* Begin PBXNativeTarget section */
		3D1185312581663400162249 /* DunyaGezgini */ = {
			isa = PBXNativeTarget;
			buildConfigurationList = 3D1185572581663600162249 /* Build configuration list for PBXNativeTarget "DunyaGezgini" */;
			buildPhases = (
				3D11852E2581663400162249 /* Sources */,
				3D11852F2581663400162249 /* Frameworks */,
				3D1185302581663400162249 /* Resources */,
			);
			buildRules = (
			);
			dependencies = (
			);
			name = DunyaGezgini;
			productName = DunyaGezgini;
			productReference = 3D1185322581663400162249 /* DunyaGezgini.app */;
			productType = "com.apple.product-type.application";
		};
		3D1185422581663600162249 /* DunyaGezginiTests */ = {
			isa = PBXNativeTarget;
			buildConfigurationList = 3D11855A2581663600162249 /* Build configuration list for PBXNativeTarget "DunyaGezginiTests" */;
			buildPhases = (
				3D11853F2581663600162249 /* Sources */,
				3D1185402581663600162249 /* Frameworks */,
				3D1185412581663600162249 /* Resources */,
			);
			buildRules = (
			);
			dependencies = (
				3D1185452581663600162249 /* PBXTargetDependency */,
			);
			name = DunyaGezginiTests;
			productName = DunyaGezginiTests;
			productReference = 3D1185432581663600162249 /* DunyaGezginiTests.xctest */;
			productType = "com.apple.product-type.bundle.unit-test";
		};
		3D11854D2581663600162249 /* DunyaGezginiUITests */ = {
			isa = PBXNativeTarget;
			buildConfigurationList = 3D11855D2581663600162249 /* Build configuration list for PBXNativeTarget "DunyaGezginiUITests" */;
			buildPhases = (
				3D11854A2581663600162249 /* Sources */,
				3D11854B2581663600162249 /* Frameworks */,
				3D11854C2581663600162249 /* Resources */,
			);
			buildRules = (
			);
			dependencies = (
				3D1185502581663600162249 /* PBXTargetDependency */,
			);
			name = DunyaGezginiUITests;
			productName = DunyaGezginiUITests;
			productReference = 3D11854E2581663600162249 /* DunyaGezginiUITests.xctest */;
			productType = "com.apple.product-type.bundle.ui-testing";
		};
/* End PBXNativeTarget section */

/* Begin PBXProject section */
		3D11852A2581663400162249 /* Project object */ = {
			isa = PBXProject;
			attributes = {
				LastSwiftUpdateCheck = 1220;
				LastUpgradeCheck = 1220;
				TargetAttributes = {
					3D1185312581663400162249 = {
						CreatedOnToolsVersion = 12.2;
					};
					3D1185422581663600162249 = {
						CreatedOnToolsVersion = 12.2;
						TestTargetID = 3D1185312581663400162249;
					};
					3D11854D2581663600162249 = {
						CreatedOnToolsVersion = 12.2;
						TestTargetID = 3D1185312581663400162249;
					};
				};
			};
			buildConfigurationList = 3D11852D2581663400162249 /* Build configuration list for PBXProject "DunyaGezgini" */;
			compatibilityVersion = "Xcode 9.3";
			developmentRegion = en;
			hasScannedForEncodings = 0;
			knownRegions = (
				en,
				Base,
				tr,
			);
			mainGroup = 3D1185292581663400162249;
			productRefGroup = 3D1185332581663400162249 /* Products */;
			projectDirPath = "";
			projectRoot = "";
			targets = (
				3D1185312581663400162249 /* DunyaGezgini */,
				3D1185422581663600162249 /* DunyaGezginiTests */,
				3D11854D2581663600162249 /* DunyaGezginiUITests */,
			);
		};
/* End PBXProject section */

/* Begin PBXResourcesBuildPhase section */
		3D1185302581663400162249 /* Resources */ = {
			isa = PBXResourcesBuildPhase;
			buildActionMask = 2147483647;
			files = (
				3D11853D2581663600162249 /* Preview Assets.xcassets in Resources */,
				B690858A258A509900B39A03 /* Localizable.strings in Resources */,
				3D11853A2581663600162249 /* Assets.xcassets in Resources */,
			);
			runOnlyForDeploymentPostprocessing = 0;
		};
		3D1185412581663600162249 /* Resources */ = {
			isa = PBXResourcesBuildPhase;
			buildActionMask = 2147483647;
			files = (
			);
			runOnlyForDeploymentPostprocessing = 0;
		};
		3D11854C2581663600162249 /* Resources */ = {
			isa = PBXResourcesBuildPhase;
			buildActionMask = 2147483647;
			files = (
			);
			runOnlyForDeploymentPostprocessing = 0;
		};
/* End PBXResourcesBuildPhase section */

/* Begin PBXSourcesBuildPhase section */
		3D11852E2581663400162249 /* Sources */ = {
			isa = PBXSourcesBuildPhase;
			buildActionMask = 2147483647;
			files = (
				3D1185382581663400162249 /* ContentView.swift in Sources */,
				3D1185362581663400162249 /* DunyaGezginiApp.swift in Sources */,
				3DA2983A25864A2C002AC191 /* MapView.swift in Sources */,
			);
			runOnlyForDeploymentPostprocessing = 0;
		};
		3D11853F2581663600162249 /* Sources */ = {
			isa = PBXSourcesBuildPhase;
			buildActionMask = 2147483647;
			files = (
				3D1185482581663600162249 /* DunyaGezginiTests.swift in Sources */,
			);
			runOnlyForDeploymentPostprocessing = 0;
		};
		3D11854A2581663600162249 /* Sources */ = {
			isa = PBXSourcesBuildPhase;
			buildActionMask = 2147483647;
			files = (
				3D1185532581663600162249 /* DunyaGezginiUITests.swift in Sources */,
			);
			runOnlyForDeploymentPostprocessing = 0;
		};
/* End PBXSourcesBuildPhase section */

/* Begin PBXTargetDependency section */
		3D1185452581663600162249 /* PBXTargetDependency */ = {
			isa = PBXTargetDependency;
			target = 3D1185312581663400162249 /* DunyaGezgini */;
			targetProxy = 3D1185442581663600162249 /* PBXContainerItemProxy */;
		};
		3D1185502581663600162249 /* PBXTargetDependency */ = {
			isa = PBXTargetDependency;
			target = 3D1185312581663400162249 /* DunyaGezgini */;
			targetProxy = 3D11854F2581663600162249 /* PBXContainerItemProxy */;
		};
/* End PBXTargetDependency section */

/* Begin PBXVariantGroup section */
		B690858C258A509900B39A03 /* Localizable.strings */ = {
			isa = PBXVariantGroup;
			children = (
				B690858B258A509900B39A03 /* en */,
				B6908590258A641A00B39A03 /* tr */,
			);
			name = Localizable.strings;
			sourceTree = "<group>";
		};
/* End PBXVariantGroup section */

/* Begin XCBuildConfiguration section */
		3D1185552581663600162249 /* Debug */ = {
			isa = XCBuildConfiguration;
			buildSettings = {
				ALWAYS_SEARCH_USER_PATHS = NO;
				CLANG_ANALYZER_NONNULL = YES;
				CLANG_ANALYZER_NUMBER_OBJECT_CONVERSION = YES_AGGRESSIVE;
				CLANG_CXX_LANGUAGE_STANDARD = "gnu++14";
				CLANG_CXX_LIBRARY = "libc++";
				CLANG_ENABLE_MODULES = YES;
				CLANG_ENABLE_OBJC_ARC = YES;
				CLANG_ENABLE_OBJC_WEAK = YES;
				CLANG_WARN_BLOCK_CAPTURE_AUTORELEASING = YES;
				CLANG_WARN_BOOL_CONVERSION = YES;
				CLANG_WARN_COMMA = YES;
				CLANG_WARN_CONSTANT_CONVERSION = YES;
				CLANG_WARN_DEPRECATED_OBJC_IMPLEMENTATIONS = YES;
				CLANG_WARN_DIRECT_OBJC_ISA_USAGE = YES_ERROR;
				CLANG_WARN_DOCUMENTATION_COMMENTS = YES;
				CLANG_WARN_EMPTY_BODY = YES;
				CLANG_WARN_ENUM_CONVERSION = YES;
				CLANG_WARN_INFINITE_RECURSION = YES;
				CLANG_WARN_INT_CONVERSION = YES;
				CLANG_WARN_NON_LITERAL_NULL_CONVERSION = YES;
				CLANG_WARN_OBJC_IMPLICIT_RETAIN_SELF = YES;
				CLANG_WARN_OBJC_LITERAL_CONVERSION = YES;
				CLANG_WARN_OBJC_ROOT_CLASS = YES_ERROR;
				CLANG_WARN_QUOTED_INCLUDE_IN_FRAMEWORK_HEADER = YES;
				CLANG_WARN_RANGE_LOOP_ANALYSIS = YES;
				CLANG_WARN_STRICT_PROTOTYPES = YES;
				CLANG_WARN_SUSPICIOUS_MOVE = YES;
				CLANG_WARN_UNGUARDED_AVAILABILITY = YES_AGGRESSIVE;
				CLANG_WARN_UNREACHABLE_CODE = YES;
				CLANG_WARN__DUPLICATE_METHOD_MATCH = YES;
				COPY_PHASE_STRIP = NO;
				DEBUG_INFORMATION_FORMAT = dwarf;
				ENABLE_STRICT_OBJC_MSGSEND = YES;
				ENABLE_TESTABILITY = YES;
				GCC_C_LANGUAGE_STANDARD = gnu11;
				GCC_DYNAMIC_NO_PIC = NO;
				GCC_NO_COMMON_BLOCKS = YES;
				GCC_OPTIMIZATION_LEVEL = 0;
				GCC_PREPROCESSOR_DEFINITIONS = (
					"DEBUG=1",
					"$(inherited)",
				);
				GCC_WARN_64_TO_32_BIT_CONVERSION = YES;
				GCC_WARN_ABOUT_RETURN_TYPE = YES_ERROR;
				GCC_WARN_UNDECLARED_SELECTOR = YES;
				GCC_WARN_UNINITIALIZED_AUTOS = YES_AGGRESSIVE;
				GCC_WARN_UNUSED_FUNCTION = YES;
				GCC_WARN_UNUSED_VARIABLE = YES;
				IPHONEOS_DEPLOYMENT_TARGET = 14.2;
				MTL_ENABLE_DEBUG_INFO = INCLUDE_SOURCE;
				MTL_FAST_MATH = YES;
				ONLY_ACTIVE_ARCH = YES;
				SDKROOT = iphoneos;
				SWIFT_ACTIVE_COMPILATION_CONDITIONS = DEBUG;
				SWIFT_OPTIMIZATION_LEVEL = "-Onone";
			};
			name = Debug;
		};
		3D1185562581663600162249 /* Release */ = {
			isa = XCBuildConfiguration;
			buildSettings = {
				ALWAYS_SEARCH_USER_PATHS = NO;
				CLANG_ANALYZER_NONNULL = YES;
				CLANG_ANALYZER_NUMBER_OBJECT_CONVERSION = YES_AGGRESSIVE;
				CLANG_CXX_LANGUAGE_STANDARD = "gnu++14";
				CLANG_CXX_LIBRARY = "libc++";
				CLANG_ENABLE_MODULES = YES;
				CLANG_ENABLE_OBJC_ARC = YES;
				CLANG_ENABLE_OBJC_WEAK = YES;
				CLANG_WARN_BLOCK_CAPTURE_AUTORELEASING = YES;
				CLANG_WARN_BOOL_CONVERSION = YES;
				CLANG_WARN_COMMA = YES;
				CLANG_WARN_CONSTANT_CONVERSION = YES;
				CLANG_WARN_DEPRECATED_OBJC_IMPLEMENTATIONS = YES;
				CLANG_WARN_DIRECT_OBJC_ISA_USAGE = YES_ERROR;
				CLANG_WARN_DOCUMENTATION_COMMENTS = YES;
				CLANG_WARN_EMPTY_BODY = YES;
				CLANG_WARN_ENUM_CONVERSION = YES;
				CLANG_WARN_INFINITE_RECURSION = YES;
				CLANG_WARN_INT_CONVERSION = YES;
				CLANG_WARN_NON_LITERAL_NULL_CONVERSION = YES;
				CLANG_WARN_OBJC_IMPLICIT_RETAIN_SELF = YES;
				CLANG_WARN_OBJC_LITERAL_CONVERSION = YES;
				CLANG_WARN_OBJC_ROOT_CLASS = YES_ERROR;
				CLANG_WARN_QUOTED_INCLUDE_IN_FRAMEWORK_HEADER = YES;
				CLANG_WARN_RANGE_LOOP_ANALYSIS = YES;
				CLANG_WARN_STRICT_PROTOTYPES = YES;
				CLANG_WARN_SUSPICIOUS_MOVE = YES;
				CLANG_WARN_UNGUARDED_AVAILABILITY = YES_AGGRESSIVE;
				CLANG_WARN_UNREACHABLE_CODE = YES;
				CLANG_WARN__DUPLICATE_METHOD_MATCH = YES;
				COPY_PHASE_STRIP = NO;
				DEBUG_INFORMATION_FORMAT = "dwarf-with-dsym";
				ENABLE_NS_ASSERTIONS = NO;
				ENABLE_STRICT_OBJC_MSGSEND = YES;
				GCC_C_LANGUAGE_STANDARD = gnu11;
				GCC_NO_COMMON_BLOCKS = YES;
				GCC_WARN_64_TO_32_BIT_CONVERSION = YES;
				GCC_WARN_ABOUT_RETURN_TYPE = YES_ERROR;
				GCC_WARN_UNDECLARED_SELECTOR = YES;
				GCC_WARN_UNINITIALIZED_AUTOS = YES_AGGRESSIVE;
				GCC_WARN_UNUSED_FUNCTION = YES;
				GCC_WARN_UNUSED_VARIABLE = YES;
				IPHONEOS_DEPLOYMENT_TARGET = 14.2;
				MTL_ENABLE_DEBUG_INFO = NO;
				MTL_FAST_MATH = YES;
				SDKROOT = iphoneos;
				SWIFT_COMPILATION_MODE = wholemodule;
				SWIFT_OPTIMIZATION_LEVEL = "-O";
				VALIDATE_PRODUCT = YES;
			};
			name = Release;
		};
		3D1185582581663600162249 /* Debug */ = {
			isa = XCBuildConfiguration;
			buildSettings = {
				ASSETCATALOG_COMPILER_APPICON_NAME = AppIcon;
				ASSETCATALOG_COMPILER_GLOBAL_ACCENT_COLOR_NAME = AccentColor;
				CODE_SIGN_STYLE = Automatic;
				DEVELOPMENT_ASSET_PATHS = "\"DunyaGezgini/Preview Content\"";
				DEVELOPMENT_TEAM = AXX3A452MH;
				ENABLE_PREVIEWS = YES;
				INFOPLIST_FILE = DunyaGezgini/Info.plist;
				IPHONEOS_DEPLOYMENT_TARGET = 14.0;
				LD_RUNPATH_SEARCH_PATHS = (
					"$(inherited)",
					"@executable_path/Frameworks",
				);
				PRODUCT_BUNDLE_IDENTIFIER = AbdulkadirKocak.DunyaGezgini;
				PRODUCT_NAME = "$(TARGET_NAME)";
				SWIFT_VERSION = 5.0;
				TARGETED_DEVICE_FAMILY = "1,2";
			};
			name = Debug;
		};
		3D1185592581663600162249 /* Release */ = {
			isa = XCBuildConfiguration;
			buildSettings = {
				ASSETCATALOG_COMPILER_APPICON_NAME = AppIcon;
				ASSETCATALOG_COMPILER_GLOBAL_ACCENT_COLOR_NAME = AccentColor;
				CODE_SIGN_STYLE = Automatic;
				DEVELOPMENT_ASSET_PATHS = "\"DunyaGezgini/Preview Content\"";
				DEVELOPMENT_TEAM = AXX3A452MH;
				ENABLE_PREVIEWS = YES;
				INFOPLIST_FILE = DunyaGezgini/Info.plist;
				IPHONEOS_DEPLOYMENT_TARGET = 14.0;
				LD_RUNPATH_SEARCH_PATHS = (
					"$(inherited)",
					"@executable_path/Frameworks",
				);
				PRODUCT_BUNDLE_IDENTIFIER = AbdulkadirKocak.DunyaGezgini;
				PRODUCT_NAME = "$(TARGET_NAME)";
				SWIFT_VERSION = 5.0;
				TARGETED_DEVICE_FAMILY = "1,2";
			};
			name = Release;
		};
		3D11855B2581663600162249 /* Debug */ = {
			isa = XCBuildConfiguration;
			buildSettings = {
				ALWAYS_EMBED_SWIFT_STANDARD_LIBRARIES = YES;
				BUNDLE_LOADER = "$(TEST_HOST)";
				CODE_SIGN_STYLE = Automatic;
				DEVELOPMENT_TEAM = AXX3A452MH;
				INFOPLIST_FILE = DunyaGezginiTests/Info.plist;
				IPHONEOS_DEPLOYMENT_TARGET = 14.0;
				LD_RUNPATH_SEARCH_PATHS = (
					"$(inherited)",
					"@executable_path/Frameworks",
					"@loader_path/Frameworks",
				);
				PRODUCT_BUNDLE_IDENTIFIER = AbdulkadirKocak.DunyaGezginiTests;
				PRODUCT_NAME = "$(TARGET_NAME)";
				SWIFT_VERSION = 5.0;
				TARGETED_DEVICE_FAMILY = "1,2";
				TEST_HOST = "$(BUILT_PRODUCTS_DIR)/DunyaGezgini.app/DunyaGezgini";
			};
			name = Debug;
		};
		3D11855C2581663600162249 /* Release */ = {
			isa = XCBuildConfiguration;
			buildSettings = {
				ALWAYS_EMBED_SWIFT_STANDARD_LIBRARIES = YES;
				BUNDLE_LOADER = "$(TEST_HOST)";
				CODE_SIGN_STYLE = Automatic;
				DEVELOPMENT_TEAM = AXX3A452MH;
				INFOPLIST_FILE = DunyaGezginiTests/Info.plist;
				IPHONEOS_DEPLOYMENT_TARGET = 14.0;
				LD_RUNPATH_SEARCH_PATHS = (
					"$(inherited)",
					"@executable_path/Frameworks",
					"@loader_path/Frameworks",
				);
				PRODUCT_BUNDLE_IDENTIFIER = AbdulkadirKocak.DunyaGezginiTests;
				PRODUCT_NAME = "$(TARGET_NAME)";
				SWIFT_VERSION = 5.0;
				TARGETED_DEVICE_FAMILY = "1,2";
				TEST_HOST = "$(BUILT_PRODUCTS_DIR)/DunyaGezgini.app/DunyaGezgini";
			};
			name = Release;
		};
		3D11855E2581663600162249 /* Debug */ = {
			isa = XCBuildConfiguration;
			buildSettings = {
				ALWAYS_EMBED_SWIFT_STANDARD_LIBRARIES = YES;
				CODE_SIGN_STYLE = Automatic;
				DEVELOPMENT_TEAM = AXX3A452MH;
				INFOPLIST_FILE = DunyaGezginiUITests/Info.plist;
				LD_RUNPATH_SEARCH_PATHS = (
					"$(inherited)",
					"@executable_path/Frameworks",
					"@loader_path/Frameworks",
				);
				PRODUCT_BUNDLE_IDENTIFIER = AbdulkadirKocak.DunyaGezginiUITests;
				PRODUCT_NAME = "$(TARGET_NAME)";
				SWIFT_VERSION = 5.0;
				TARGETED_DEVICE_FAMILY = "1,2";
				TEST_TARGET_NAME = DunyaGezgini;
			};
			name = Debug;
		};
		3D11855F2581663600162249 /* Release */ = {
			isa = XCBuildConfiguration;
			buildSettings = {
				ALWAYS_EMBED_SWIFT_STANDARD_LIBRARIES = YES;
				CODE_SIGN_STYLE = Automatic;
				DEVELOPMENT_TEAM = AXX3A452MH;
				INFOPLIST_FILE = DunyaGezginiUITests/Info.plist;
				LD_RUNPATH_SEARCH_PATHS = (
					"$(inherited)",
					"@executable_path/Frameworks",
					"@loader_path/Frameworks",
				);
				PRODUCT_BUNDLE_IDENTIFIER = AbdulkadirKocak.DunyaGezginiUITests;
				PRODUCT_NAME = "$(TARGET_NAME)";
				SWIFT_VERSION = 5.0;
				TARGETED_DEVICE_FAMILY = "1,2";
				TEST_TARGET_NAME = DunyaGezgini;
			};
			name = Release;
		};
/* End XCBuildConfiguration section */

/* Begin XCConfigurationList section */
		3D11852D2581663400162249 /* Build configuration list for PBXProject "DunyaGezgini" */ = {
			isa = XCConfigurationList;
			buildConfigurations = (
				3D1185552581663600162249 /* Debug */,
				3D1185562581663600162249 /* Release */,
			);
			defaultConfigurationIsVisible = 0;
			defaultConfigurationName = Release;
		};
		3D1185572581663600162249 /* Build configuration list for PBXNativeTarget "DunyaGezgini" */ = {
			isa = XCConfigurationList;
			buildConfigurations = (
				3D1185582581663600162249 /* Debug */,
				3D1185592581663600162249 /* Release */,
			);
			defaultConfigurationIsVisible = 0;
			defaultConfigurationName = Release;
		};
		3D11855A2581663600162249 /* Build configuration list for PBXNativeTarget "DunyaGezginiTests" */ = {
			isa = XCConfigurationList;
			buildConfigurations = (
				3D11855B2581663600162249 /* Debug */,
				3D11855C2581663600162249 /* Release */,
			);
			defaultConfigurationIsVisible = 0;
			defaultConfigurationName = Release;
		};
		3D11855D2581663600162249 /* Build configuration list for PBXNativeTarget "DunyaGezginiUITests" */ = {
			isa = XCConfigurationList;
			buildConfigurations = (
				3D11855E2581663600162249 /* Debug */,
				3D11855F2581663600162249 /* Release */,
			);
			defaultConfigurationIsVisible = 0;
			defaultConfigurationName = Release;
		};
/* End XCConfigurationList section */
	};
	rootObject = 3D11852A2581663400162249 /* Project object */;
}
